{
  "version": 4,
  "terraform_version": "1.11.2",
  "serial": 3,
  "lineage": "b2634817-5ca4-e6ab-b323-a36017fc7310",
  "outputs": {},
  "resources": [
    {
      "mode": "managed",
      "type": "aws_s3_bucket",
      "name": "capstone_tf_state_bucket",
      "provider": "provider[\"registry.terraform.io/hashicorp/aws\"]",
      "instances": [
        {
          "schema_version": 0,
          "attributes": {
            "acceleration_status": "",
            "acl": null,
            "arn": "arn:aws:s3:::capstone-tf-state-da3df6ed-da52-3e3c-280e-6ea3f9e73541",
            "bucket": "capstone-tf-state-da3df6ed-da52-3e3c-280e-6ea3f9e73541",
            "bucket_domain_name": "capstone-tf-state-da3df6ed-da52-3e3c-280e-6ea3f9e73541.s3.amazonaws.com",
            "bucket_prefix": "",
            "bucket_regional_domain_name": "capstone-tf-state-da3df6ed-da52-3e3c-280e-6ea3f9e73541.s3.us-east-1.amazonaws.com",
            "cors_rule": [],
            "force_destroy": false,
            "grant": [
              {
                "id": "87bb6e1ae8d30d04b7430e20ce1317d12740690eb4c1c6bcdf37e9a2ac521aaf",
                "permissions": [
                  "FULL_CONTROL"
                ],
                "type": "CanonicalUser",
                "uri": ""
              }
            ],
            "hosted_zone_id": "Z3AQBSTGFYJSTF",
            "id": "capstone-tf-state-da3df6ed-da52-3e3c-280e-6ea3f9e73541",
            "lifecycle_rule": [],
            "logging": [],
            "object_lock_configuration": [],
            "object_lock_enabled": false,
            "policy": "",
            "region": "us-east-1",
            "replication_configuration": [],
            "request_payer": "BucketOwner",
            "server_side_encryption_configuration": [
              {
                "rule": [
                  {
                    "apply_server_side_encryption_by_default": [
                      {
                        "kms_master_key_id": "",
                        "sse_algorithm": "AES256"
                      }
                    ],
                    "bucket_key_enabled": false
                  }
                ]
              }
            ],
            "tags": {
              "Environment": "dev",
              "Name": "capstone-tf-state-bucket"
            },
            "tags_all": {
              "Environment": "dev",
              "Name": "capstone-tf-state-bucket"
            },
            "timeouts": null,
            "versioning": [
              {
                "enabled": false,
                "mfa_delete": false
              }
            ],
            "website": [],
            "website_domain": null,
            "website_endpoint": null
          },
          "sensitive_attributes": [],
          "private": "eyJlMmJmYjczMC1lY2FhLTExZTYtOGY4OC0zNDM2M2JjN2M0YzAiOnsiY3JlYXRlIjoxMjAwMDAwMDAwMDAwLCJkZWxldGUiOjM2MDAwMDAwMDAwMDAsInJlYWQiOjEyMDAwMDAwMDAwMDAsInVwZGF0ZSI6MTIwMDAwMDAwMDAwMH19",
          "dependencies": [
            "random_uuid.unique_id"
          ]
        }
      ]
    },
    {
      "mode": "managed",
      "type": "random_uuid",
      "name": "unique_id",
      "provider": "provider[\"registry.terraform.io/hashicorp/random\"]",
      "instances": [
        {
          "schema_version": 0,
          "attributes": {
            "id": "da3df6ed-da52-3e3c-280e-6ea3f9e73541",
            "keepers": null,
            "result": "da3df6ed-da52-3e3c-280e-6ea3f9e73541"
          },
          "sensitive_attributes": []
        }
      ]
    }
  ],
  "check_results": null
}
